{
    "_meta": {
        "hash": {
            "sha256": "8498aea529913d1e405d3ce6dd6ec181feb148d271d0ef938d986b9f33fb73eb"
        },
        "pipfile-spec": 6,
        "requires": {
            "python_version": "3.7"
        },
        "sources": [
            {
                "name": "pypi",
                "url": "https://pypi.org/simple",
                "verify_ssl": true
            }
        ]
    },
    "default": {
        "networkx": {
            "hashes": [
                "sha256:80b6b89c77d1dfb64a4c7854981b60aeea6360ac02c6d4e4913319e0a313abef",
                "sha256:c0946ed31d71f1b732b5aaa6da5a0388a345019af232ce2f49c766e2d6795c51"
            ],
            "index": "pypi",
            "version": "==2.6.3"
        }
    },
    "develop": {}
}
